lockfileVersion: '6.0'

settings:
  autoInstallPeers: true
  excludeLinksFromLockfile: false

devDependencies:
  heroicons:
    specifier: ^2.0.18
    version: 2.0.18

packages:

  /heroicons@2.0.18:
    resolution: {integrity: sha512-3iaqznaz5GJ8Mox/eDfKHo7tYKuPiZV4vbg6pB6wjJhBa7ZKQlXT1KuUnsjkEiPy/ezyiqppOX6wUqYguMIq8w==}
    dev: true
